
Microsoft Visual Studio Solution File, Format Version 12.00
# Visual Studio 2012
Project("{FAE04EC0-301F-11D3-BF4B-00C04F79EFBC}") = "Ko PVP Server Kontrol Programi", "Ko PVP Server Kontrol Programi\Ko PVP Server Kontrol Programi.csproj", "{00B523F9-AD49-474B-856D-E69ACC2ED3D8}"
EndProject
Global
	GlobalSection(SolutionConfigurationPlatforms) = preSolution
		Debug|Any CPU = Debug|Any CPU
		Release|Any CPU = Release|Any CPU
	EndGlobalSection
	GlobalSection(ProjectConfigurationPlatforms) = postSolution
		{00B523F9-AD49-474B-856D-E69ACC2ED3D8}.Debug|Any CPU.ActiveCfg = Debug|Any CPU
		{00B523F9-AD49-474B-856D-E69ACC2ED3D8}.Debug|Any CPU.Build.0 = Debug|Any CPU
		{00B523F9-AD49-474B-856D-E69ACC2ED3D8}.Release|Any CPU.ActiveCfg = Release|Any CPU
		{00B523F9-AD49-474B-856D-E69ACC2ED3D8}.Release|Any CPU.Build.0 = Release|Any CPU
	EndGlobalSection
	GlobalSection(SolutionProperties) = preSolution
		HideSolutionNode = FALSE
	EndGlobalSection
EndGlobal
